
Microsoft Visual Studio Solution File, Format Version 12.00
# Visual Studio 14
VisualStudioVersion = 14.0.25420.1
MinimumVisualStudioVersion = 10.0.40219.1
Project("{2150E333-8FDC-42A3-9474-1A3956D46DE8}") = "src", "src", "{F4AFD678-A0FD-4E90-B70D-C64F94F252C2}"
EndProject
Project("{2150E333-8FDC-42A3-9474-1A3956D46DE8}") = "Solution Items", "Solution Items", "{B7068015-0F70-409D-AA68-908944748141}"
	ProjectSection(SolutionItems) = preProject
		global.json = global.json
	EndProjectSection
EndProject
Project("{8BB2217D-0F2D-49D1-97BC-3654ED321F3B}") = "WebAppAngl2", "src\WebAppAngl2\WebAppAngl2.xproj", "{3263CA28-A71E-422D-93C0-6E9C9A3D4FB2}"
EndProject
Global
	GlobalSection(SolutionConfigurationPlatforms) = preSolution
		Debug|Any CPU = Debug|Any CPU
		Release|Any CPU = Release|Any CPU
	EndGlobalSection
	GlobalSection(ProjectConfigurationPlatforms) = postSolution
		{3263CA28-A71E-422D-93C0-6E9C9A3D4FB2}.Debug|Any CPU.ActiveCfg = Debug|Any CPU
		{3263CA28-A71E-422D-93C0-6E9C9A3D4FB2}.Debug|Any CPU.Build.0 = Debug|Any CPU
		{3263CA28-A71E-422D-93C0-6E9C9A3D4FB2}.Release|Any CPU.ActiveCfg = Release|Any CPU
		{3263CA28-A71E-422D-93C0-6E9C9A3D4FB2}.Release|Any CPU.Build.0 = Release|Any CPU
	EndGlobalSection
	GlobalSection(SolutionProperties) = preSolution
		HideSolutionNode = FALSE
	EndGlobalSection
	GlobalSection(NestedProjects) = preSolution
		{3263CA28-A71E-422D-93C0-6E9C9A3D4FB2} = {F4AFD678-A0FD-4E90-B70D-C64F94F252C2}
	EndGlobalSection
EndGlobal
